# This file was autogenerated by Stack.
# You should not edit this file by hand.
# For more information, please see the documentation at:
#   https://docs.haskellstack.org/en/stable/lock_files

packages:
- completed:
    cabal-file:
      size: 2253
      sha256: a3ff22d4a288d7d8b60b9b80f3f053403b0ace4969ed18dacd840610a2e330d7
    name: servant-websockets
    version: 1.2.0
    git: https://github.com/moesenle/servant-websockets.git
    pantry-tree:
      size: 682
      sha256: d6d2c345d4ac7c63e69aefc679fa44204ae9a31457fffeaa54acf79db44e5048
    commit: a6b8b9f1d9d76e31b0f5de1ce6f79222fc1a7002
  original:
    git: https://github.com/moesenle/servant-websockets.git
    commit: a6b8b9f1d9d76e31b0f5de1ce6f79222fc1a7002
snapshots:
- completed:
    size: 523700
    url: https://raw.githubusercontent.com/commercialhaskell/stackage-snapshots/master/lts/14/7.yaml
    sha256: 8e3f3c894be74d71fa4bf085e0a8baae7e4d7622d07ea31a52736b80f8b9bb1a
  original: lts-14.7
